
Microsoft Visual Studio Solution File, Format Version 12.00
# Visual Studio Version 16
VisualStudioVersion = 16.0.29326.143
MinimumVisualStudioVersion = 10.0.40219.1
Project("{8BC9CEB8-8B4A-11D0-8D11-00A0C91BC942}") = "Server", "Server\Server.vcxproj", "{3D93A2CC-F6FB-41F5-BF6F-7FCCA68B01C4}"
EndProject
Project("{8BC9CEB8-8B4A-11D0-8D11-00A0C91BC942}") = "Client", "Client\Client.vcxproj", "{A2AE1287-DBC7-485D-ABF5-B9A44B93D479}"
EndProject
Global
	GlobalSection(SolutionConfigurationPlatforms) = preSolution
		Debug|x64 = Debug|x64
		Debug|x86 = Debug|x86
		Release|x64 = Release|x64
		Release|x86 = Release|x86
	EndGlobalSection
	GlobalSection(ProjectConfigurationPlatforms) = postSolution
		{3D93A2CC-F6FB-41F5-BF6F-7FCCA68B01C4}.Debug|x64.ActiveCfg = Debug|x64
		{3D93A2CC-F6FB-41F5-BF6F-7FCCA68B01C4}.Debug|x64.Build.0 = Debug|x64
		{3D93A2CC-F6FB-41F5-BF6F-7FCCA68B01C4}.Debug|x86.ActiveCfg = Debug|Win32
		{3D93A2CC-F6FB-41F5-BF6F-7FCCA68B01C4}.Debug|x86.Build.0 = Debug|Win32
		{3D93A2CC-F6FB-41F5-BF6F-7FCCA68B01C4}.Release|x64.ActiveCfg = Release|x64
		{3D93A2CC-F6FB-41F5-BF6F-7FCCA68B01C4}.Release|x64.Build.0 = Release|x64
		{3D93A2CC-F6FB-41F5-BF6F-7FCCA68B01C4}.Release|x86.ActiveCfg = Release|Win32
		{3D93A2CC-F6FB-41F5-BF6F-7FCCA68B01C4}.Release|x86.Build.0 = Release|Win32
		{A2AE1287-DBC7-485D-ABF5-B9A44B93D479}.Debug|x64.ActiveCfg = Debug|x64
		{A2AE1287-DBC7-485D-ABF5-B9A44B93D479}.Debug|x64.Build.0 = Debug|x64
		{A2AE1287-DBC7-485D-ABF5-B9A44B93D479}.Debug|x86.ActiveCfg = Debug|Win32
		{A2AE1287-DBC7-485D-ABF5-B9A44B93D479}.Debug|x86.Build.0 = Debug|Win32
		{A2AE1287-DBC7-485D-ABF5-B9A44B93D479}.Release|x64.ActiveCfg = Release|x64
		{A2AE1287-DBC7-485D-ABF5-B9A44B93D479}.Release|x64.Build.0 = Release|x64
		{A2AE1287-DBC7-485D-ABF5-B9A44B93D479}.Release|x86.ActiveCfg = Release|Win32
		{A2AE1287-DBC7-485D-ABF5-B9A44B93D479}.Release|x86.Build.0 = Release|Win32
	EndGlobalSection
	GlobalSection(SolutionProperties) = preSolution
		HideSolutionNode = FALSE
	EndGlobalSection
	GlobalSection(ExtensibilityGlobals) = postSolution
		SolutionGuid = {09668576-8008-4F94-A9A9-C2751AF5F3A9}
	EndGlobalSection
EndGlobal
